{
  "version": 4,
  "terraform_version": "1.8.1",
  "serial": 14,
  "lineage": "f6a09a8a-3745-c28e-8759-7dac40c54ebb",
  "outputs": {},
  "resources": [
    {
      "mode": "managed",
      "type": "aws_instance",
      "name": "nginx-server",
      "provider": "provider[\"registry.terraform.io/hashicorp/aws\"]",
      "instances": [
        {
          "schema_version": 1,
          "attributes": {
            "ami": "ami-07caf09b362be10b8",
            "arn": "arn:aws:ec2:us-east-1:533267213441:instance/i-00cab4432b50f0852",
            "associate_public_ip_address": false,
            "availability_zone": "us-east-1b",
            "capacity_reservation_specification": [
              {
                "capacity_reservation_preference": "open",
                "capacity_reservation_target": []
              }
            ],
            "cpu_core_count": 1,
            "cpu_options": [
              {
                "amd_sev_snp": "",
                "core_count": 1,
                "threads_per_core": 1
              }
            ],
            "cpu_threads_per_core": 1,
            "credit_specification": [
              {
                "cpu_credits": "standard"
              }
            ],
            "disable_api_stop": false,
            "disable_api_termination": false,
            "ebs_block_device": [],
            "ebs_optimized": false,
            "enclave_options": [
              {
                "enabled": false
              }
            ],
            "ephemeral_block_device": [],
            "get_password_data": false,
            "hibernation": false,
            "host_id": "",
            "host_resource_group_arn": null,
            "iam_instance_profile": "",
            "id": "i-00cab4432b50f0852",
            "instance_initiated_shutdown_behavior": "stop",
            "instance_lifecycle": "",
            "instance_market_options": [],
            "instance_state": "running",
            "instance_type": "t2.micro",
            "ipv6_address_count": 0,
            "ipv6_addresses": [],
            "key_name": "nginx-server-ssh",
            "launch_template": [],
            "maintenance_options": [
              {
                "auto_recovery": "default"
              }
            ],
            "metadata_options": [
              {
                "http_endpoint": "enabled",
                "http_protocol_ipv6": "disabled",
                "http_put_response_hop_limit": 2,
                "http_tokens": "required",
                "instance_metadata_tags": "disabled"
              }
            ],
            "monitoring": false,
            "network_interface": [],
            "outpost_arn": "",
            "password_data": "",
            "placement_group": "",
            "placement_partition_number": 0,
            "primary_network_interface_id": "eni-0696de00188bf2ecc",
            "private_dns": "ip-192-168-0-86.ec2.internal",
            "private_dns_name_options": [
              {
                "enable_resource_name_dns_a_record": false,
                "enable_resource_name_dns_aaaa_record": false,
                "hostname_type": "ip-name"
              }
            ],
            "private_ip": "192.168.0.86",
            "public_dns": "",
            "public_ip": "",
            "root_block_device": [
              {
                "delete_on_termination": true,
                "device_name": "/dev/xvda",
                "encrypted": false,
                "iops": 3000,
                "kms_key_id": "",
                "tags": {},
                "tags_all": {},
                "throughput": 125,
                "volume_id": "vol-0c788cc77459bcf39",
                "volume_size": 8,
                "volume_type": "gp3"
              }
            ],
            "secondary_private_ips": [],
            "security_groups": [],
            "source_dest_check": true,
            "spot_instance_request_id": "",
            "subnet_id": "subnet-0339e03548da3f417",
            "tags": {
              "name": "terraform-demo"
            },
            "tags_all": {
              "name": "terraform-demo"
            },
            "tenancy": "default",
            "timeouts": null,
            "user_data": "8e76099f5163b91277e0a8f96353b03b56a0b4dc",
            "user_data_base64": null,
            "user_data_replace_on_change": false,
            "volume_tags": null,
            "vpc_security_group_ids": [
              "sg-0d46bbb050b90a91a"
            ]
          },
          "sensitive_attributes": [],
          "private": "eyJlMmJmYjczMC1lY2FhLTExZTYtOGY4OC0zNDM2M2JjN2M0YzAiOnsiY3JlYXRlIjo2MDAwMDAwMDAwMDAsImRlbGV0ZSI6MTIwMDAwMDAwMDAwMCwicmVhZCI6OTAwMDAwMDAwMDAwLCJ1cGRhdGUiOjYwMDAwMDAwMDAwMH0sInNjaGVtYV92ZXJzaW9uIjoiMSJ9",
          "dependencies": [
            "aws_key_pair.nginx-server-ssh"
          ]
        }
      ]
    },
    {
      "mode": "managed",
      "type": "aws_key_pair",
      "name": "nginx-server-ssh",
      "provider": "provider[\"registry.terraform.io/hashicorp/aws\"]",
      "instances": [
        {
          "schema_version": 1,
          "attributes": {
            "arn": "arn:aws:ec2:us-east-1:533267213441:key-pair/nginx-server-ssh",
            "fingerprint": "ad:b7:cd:37:5b:66:77:c9:e6:25:4e:79:2b:5c:1d:17",
            "id": "nginx-server-ssh",
            "key_name": "nginx-server-ssh",
            "key_name_prefix": "",
            "key_pair_id": "key-05472cdbca3ad4e9c",
            "key_type": "rsa",
            "public_key": "ssh-rsa AAAAB3NzaC1yc2EAAAADAQABAAABAQDggi3RgcqZCe27PAMvKrb/mBh0RAPs0MSGWmleJAiYkkCoHnLaxYCdnn1OzBxqS+bT6NHZbyA/BNA/nt4QGbJk1srGDtFlkJgfL8ugtBzLkbmDgCyDdjDDkBlOlv2p6neftpUeBNMHcQa/RRyjSRL0pIhz0NFONaWNbqXoT5pQFFBK9jDvvf4Lj8WxspjKJRsFL8cbXZfPNY2qNXTQT8gFuU2Nr+hprK9QR4+/jpwxUa/7RFeJqd5wX5pjUhFv1jCfj/PiGQ0B5MWakQxSqRKtjBldIcZvx/3VGwNGxQO92KPXd/u3q40o0V8rcr+eIRT7WzO3lXvi8ivOuY8p0DQ7 pinyonet@PINYONET-LAPTOP",
            "tags": null,
            "tags_all": {}
          },
          "sensitive_attributes": [],
          "private": "eyJzY2hlbWFfdmVyc2lvbiI6IjEifQ=="
        }
      ]
    }
  ],
  "check_results": null
}
